
Microsoft Visual Studio Solution File, Format Version 12.00
# Visual Studio 15
VisualStudioVersion = 15.0.26730.12
MinimumVisualStudioVersion = 10.0.40219.1
Project("{FAE04EC0-301F-11D3-BF4B-00C04F79EFBC}") = "AforgeDemo", "AforgeDemo\AforgeDemo.csproj", "{17535F09-2789-4B6E-A79D-F5C55869A7E5}"
EndProject
Global
	GlobalSection(SolutionConfigurationPlatforms) = preSolution
		Debug|Any CPU = Debug|Any CPU
		Release|Any CPU = Release|Any CPU
	EndGlobalSection
	GlobalSection(ProjectConfigurationPlatforms) = postSolution
		{17535F09-2789-4B6E-A79D-F5C55869A7E5}.Debug|Any CPU.ActiveCfg = Debug|Any CPU
		{17535F09-2789-4B6E-A79D-F5C55869A7E5}.Debug|Any CPU.Build.0 = Debug|Any CPU
		{17535F09-2789-4B6E-A79D-F5C55869A7E5}.Release|Any CPU.ActiveCfg = Release|Any CPU
		{17535F09-2789-4B6E-A79D-F5C55869A7E5}.Release|Any CPU.Build.0 = Release|Any CPU
	EndGlobalSection
	GlobalSection(SolutionProperties) = preSolution
		HideSolutionNode = FALSE
	EndGlobalSection
	GlobalSection(ExtensibilityGlobals) = postSolution
		SolutionGuid = {3227F89C-88BA-438D-9677-DA7872A411B0}
	EndGlobalSection
EndGlobal
